
Microsoft Visual Studio Solution File, Format Version 12.00
# Visual Studio 2013
VisualStudioVersion = 12.0.30723.0
MinimumVisualStudioVersion = 10.0.40219.1
Project("{8BC9CEB8-8B4A-11D0-8D11-00A0C91BC942}") = "Simple Contact Learning", "Simple Contact Learning\Simple Contact Learning.vcxproj", "{51499089-7A44-4C42-B1FB-42CA9D933BED}"
EndProject
Project("{8BC9CEB8-8B4A-11D0-8D11-00A0C91BC942}") = "BulletCollision", "..\Dependencies\bullet3-2.83.7-lab\src\BulletCollision\BulletCollision.vcxproj", "{275B4AEA-98FE-49DC-9EA5-D18D4BCE725E}"
EndProject
Project("{8BC9CEB8-8B4A-11D0-8D11-00A0C91BC942}") = "BulletDynamics", "..\Dependencies\bullet3-2.83.7-lab\src\BulletDynamics\BulletDynamics.vcxproj", "{DE35CC0D-99D6-47AF-ABB9-4224BA4BA1F6}"
EndProject
Project("{8BC9CEB8-8B4A-11D0-8D11-00A0C91BC942}") = "LinearMath", "..\Dependencies\bullet3-2.83.7-lab\src\LinearMath\LinearMath.vcxproj", "{D2B677C2-917F-410A-8E73-CEE0CE359A58}"
EndProject
Global
	GlobalSection(SolutionConfigurationPlatforms) = preSolution
		Debug|Win32 = Debug|Win32
		MinSizeRel|Win32 = MinSizeRel|Win32
		Release|Win32 = Release|Win32
		RelWithDebInfo|Win32 = RelWithDebInfo|Win32
	EndGlobalSection
	GlobalSection(ProjectConfigurationPlatforms) = postSolution
		{51499089-7A44-4C42-B1FB-42CA9D933BED}.Debug|Win32.ActiveCfg = Debug|Win32
		{51499089-7A44-4C42-B1FB-42CA9D933BED}.Debug|Win32.Build.0 = Debug|Win32
		{51499089-7A44-4C42-B1FB-42CA9D933BED}.MinSizeRel|Win32.ActiveCfg = Release|Win32
		{51499089-7A44-4C42-B1FB-42CA9D933BED}.MinSizeRel|Win32.Build.0 = Release|Win32
		{51499089-7A44-4C42-B1FB-42CA9D933BED}.Release|Win32.ActiveCfg = Release|Win32
		{51499089-7A44-4C42-B1FB-42CA9D933BED}.Release|Win32.Build.0 = Release|Win32
		{51499089-7A44-4C42-B1FB-42CA9D933BED}.RelWithDebInfo|Win32.ActiveCfg = Release|Win32
		{51499089-7A44-4C42-B1FB-42CA9D933BED}.RelWithDebInfo|Win32.Build.0 = Release|Win32
		{275B4AEA-98FE-49DC-9EA5-D18D4BCE725E}.Debug|Win32.ActiveCfg = Debug|Win32
		{275B4AEA-98FE-49DC-9EA5-D18D4BCE725E}.Debug|Win32.Build.0 = Debug|Win32
		{275B4AEA-98FE-49DC-9EA5-D18D4BCE725E}.MinSizeRel|Win32.ActiveCfg = MinSizeRel|Win32
		{275B4AEA-98FE-49DC-9EA5-D18D4BCE725E}.MinSizeRel|Win32.Build.0 = MinSizeRel|Win32
		{275B4AEA-98FE-49DC-9EA5-D18D4BCE725E}.Release|Win32.ActiveCfg = Release|Win32
		{275B4AEA-98FE-49DC-9EA5-D18D4BCE725E}.Release|Win32.Build.0 = Release|Win32
		{275B4AEA-98FE-49DC-9EA5-D18D4BCE725E}.RelWithDebInfo|Win32.ActiveCfg = RelWithDebInfo|Win32
		{275B4AEA-98FE-49DC-9EA5-D18D4BCE725E}.RelWithDebInfo|Win32.Build.0 = RelWithDebInfo|Win32
		{DE35CC0D-99D6-47AF-ABB9-4224BA4BA1F6}.Debug|Win32.ActiveCfg = Debug|Win32
		{DE35CC0D-99D6-47AF-ABB9-4224BA4BA1F6}.Debug|Win32.Build.0 = Debug|Win32
		{DE35CC0D-99D6-47AF-ABB9-4224BA4BA1F6}.MinSizeRel|Win32.ActiveCfg = MinSizeRel|Win32
		{DE35CC0D-99D6-47AF-ABB9-4224BA4BA1F6}.MinSizeRel|Win32.Build.0 = MinSizeRel|Win32
		{DE35CC0D-99D6-47AF-ABB9-4224BA4BA1F6}.Release|Win32.ActiveCfg = Release|Win32
		{DE35CC0D-99D6-47AF-ABB9-4224BA4BA1F6}.Release|Win32.Build.0 = Release|Win32
		{DE35CC0D-99D6-47AF-ABB9-4224BA4BA1F6}.RelWithDebInfo|Win32.ActiveCfg = RelWithDebInfo|Win32
		{DE35CC0D-99D6-47AF-ABB9-4224BA4BA1F6}.RelWithDebInfo|Win32.Build.0 = RelWithDebInfo|Win32
		{D2B677C2-917F-410A-8E73-CEE0CE359A58}.Debug|Win32.ActiveCfg = Debug|Win32
		{D2B677C2-917F-410A-8E73-CEE0CE359A58}.Debug|Win32.Build.0 = Debug|Win32
		{D2B677C2-917F-410A-8E73-CEE0CE359A58}.MinSizeRel|Win32.ActiveCfg = MinSizeRel|Win32
		{D2B677C2-917F-410A-8E73-CEE0CE359A58}.MinSizeRel|Win32.Build.0 = MinSizeRel|Win32
		{D2B677C2-917F-410A-8E73-CEE0CE359A58}.Release|Win32.ActiveCfg = Release|Win32
		{D2B677C2-917F-410A-8E73-CEE0CE359A58}.Release|Win32.Build.0 = Release|Win32
		{D2B677C2-917F-410A-8E73-CEE0CE359A58}.RelWithDebInfo|Win32.ActiveCfg = RelWithDebInfo|Win32
		{D2B677C2-917F-410A-8E73-CEE0CE359A58}.RelWithDebInfo|Win32.Build.0 = RelWithDebInfo|Win32
	EndGlobalSection
	GlobalSection(SolutionProperties) = preSolution
		HideSolutionNode = FALSE
	EndGlobalSection
EndGlobal
