<?xml version="1.0" encoding="utf-8"?>
<Project ToolsVersion="4.0" xmlns="http://schemas.microsoft.com/developer/msbuild/2003">
  <ItemGroup>
    <ClCompile Include="stdafx.cpp" />
    <ClCompile Include="BulletOpenGLApplication.cpp">
      <Filter>Bullet</Filter>
    </ClCompile>
    <ClCompile Include="DebugDrawer.cpp">
      <Filter>Bullet</Filter>
    </ClCompile>
    <ClCompile Include="CameraManager.cpp">
      <Filter>Common</Filter>
    </ClCompile>
    <ClCompile Include="Constants.cpp">
      <Filter>Common</Filter>
    </ClCompile>
    <ClCompile Include="GameObject.cpp">
      <Filter>Bullet</Filter>
    </ClCompile>
    <ClCompile Include="ColliderObject.cpp">
      <Filter>App</Filter>
    </ClCompile>
    <ClCompile Include="ContactManager.cpp">
      <Filter>App</Filter>
    </ClCompile>
    <ClCompile Include="CollideeObject.cpp">
      <Filter>App</Filter>
    </ClCompile>
    <ClCompile Include="ContactLearningApp.cpp">
      <Filter>App</Filter>
    </ClCompile>
    <ClCompile Include="ContactLearning.cpp">
      <Filter>App</Filter>
    </ClCompile>
    <ClCompile Include="ColliderVertex.cpp">
      <Filter>App</Filter>
    </ClCompile>
    <ClCompile Include="TactileController.cpp">
      <Filter>App</Filter>
    </ClCompile>
    <ClCompile Include="Action.cpp">
      <Filter>App\RL</Filter>
    </ClCompile>
    <ClCompile Include="Reward.cpp">
      <Filter>App\RL</Filter>
    </ClCompile>
    <ClCompile Include="State.cpp">
      <Filter>App\RL</Filter>
    </ClCompile>
    <ClCompile Include="LearningManager.cpp">
      <Filter>App\Caffe</Filter>
    </ClCompile>
  </ItemGroup>
  <ItemGroup>
    <ClInclude Include="stdafx.h" />
    <ClInclude Include="targetver.h" />
    <ClInclude Include="BulletOpenGLApplication.h">
      <Filter>Bullet</Filter>
    </ClInclude>
    <ClInclude Include="DebugDrawer.h">
      <Filter>Bullet</Filter>
    </ClInclude>
    <ClInclude Include="CameraManager.h">
      <Filter>Common</Filter>
    </ClInclude>
    <ClInclude Include="Constants.h">
      <Filter>Common</Filter>
    </ClInclude>
    <ClInclude Include="FreeGLUTCallbacks.h">
      <Filter>Bullet</Filter>
    </ClInclude>
    <ClInclude Include="GameObject.h">
      <Filter>Bullet</Filter>
    </ClInclude>
    <ClInclude Include="OpenGLMotionState.h">
      <Filter>Bullet</Filter>
    </ClInclude>
    <ClInclude Include="ColliderObject.h">
      <Filter>App</Filter>
    </ClInclude>
    <ClInclude Include="ContactManager.h">
      <Filter>App</Filter>
    </ClInclude>
    <ClInclude Include="CollideeObject.h">
      <Filter>App</Filter>
    </ClInclude>
    <ClInclude Include="ContactLearningApp.h">
      <Filter>App</Filter>
    </ClInclude>
    <ClInclude Include="ColliderVertex.h">
      <Filter>App</Filter>
    </ClInclude>
    <ClInclude Include="TactileController.h">
      <Filter>App</Filter>
    </ClInclude>
    <ClInclude Include="Action.h">
      <Filter>App\RL</Filter>
    </ClInclude>
    <ClInclude Include="Reward.h">
      <Filter>App\RL</Filter>
    </ClInclude>
    <ClInclude Include="State.h">
      <Filter>App\RL</Filter>
    </ClInclude>
    <ClInclude Include="LearningManager.h">
      <Filter>App\Caffe</Filter>
    </ClInclude>
  </ItemGroup>
  <ItemGroup>
    <Text Include="ReadMe.txt" />
  </ItemGroup>
  <ItemGroup>
    <Filter Include="Bullet">
      <UniqueIdentifier>{8b6a4435-5f9b-4923-bf77-0fe94a6b9502}</UniqueIdentifier>
    </Filter>
    <Filter Include="App">
      <UniqueIdentifier>{00ac5e6b-2e7a-48cc-88e5-8e8749e260ca}</UniqueIdentifier>
    </Filter>
    <Filter Include="Common">
      <UniqueIdentifier>{84b54b27-408b-4659-9e5d-32059bd85ce1}</UniqueIdentifier>
    </Filter>
    <Filter Include="Resources">
      <UniqueIdentifier>{95e3c399-d13f-4236-bd67-c400a21aa050}</UniqueIdentifier>
    </Filter>
    <Filter Include="App\Caffe">
      <UniqueIdentifier>{3c0867d7-01f2-4f98-a10e-4023664ab511}</UniqueIdentifier>
    </Filter>
    <Filter Include="App\RL">
      <UniqueIdentifier>{0461217f-b130-4253-9ef4-221baada6d69}</UniqueIdentifier>
    </Filter>
  </ItemGroup>
  <ItemGroup>
    <Image Include="..\..\Dependencies\Resources\checkerboard.png">
      <Filter>Resources</Filter>
    </Image>
  </ItemGroup>
</Project>