Microsoft Visual Studio Solution File, Format Version 12.00
# Visual Studio 2013
Project("{8BC9CEB8-8B4A-11D0-8D11-00A0C91BC942}") = "ALL_BUILD", "ALL_BUILD.vcxproj", "{4EC937CD-E2C1-4A79-86DB-348AAC41E4E6}"
	ProjectSection(ProjectDependencies) = postProject
		{2D8F80AB-622F-4F4B-9C05-169B6E0564ED} = {2D8F80AB-622F-4F4B-9C05-169B6E0564ED}
		{44BF334F-BAF1-4AC1-9651-32D07B1986AD} = {44BF334F-BAF1-4AC1-9651-32D07B1986AD}
		{9EEF7485-DCE2-42EB-BCE3-9CCFCBDB4D41} = {9EEF7485-DCE2-42EB-BCE3-9CCFCBDB4D41}
		{B23610EB-682F-493F-AC42-DF3A3478BFCF} = {B23610EB-682F-493F-AC42-DF3A3478BFCF}
		{E8138080-9F15-4902-9E83-4A43E0CC5401} = {E8138080-9F15-4902-9E83-4A43E0CC5401}
		{4FBDC396-8917-4183-B95E-095FEA6EC9E9} = {4FBDC396-8917-4183-B95E-095FEA6EC9E9}
		{19D0EC08-A5AC-4F0C-9842-85D2F051B74D} = {19D0EC08-A5AC-4F0C-9842-85D2F051B74D}
		{546CDC93-9548-4865-B64F-588224724DE4} = {546CDC93-9548-4865-B64F-588224724DE4}
		{DF85B169-E66A-4E51-88D0-DC4160112A67} = {DF85B169-E66A-4E51-88D0-DC4160112A67}
		{275B4AEA-98FE-49DC-9EA5-D18D4BCE725E} = {275B4AEA-98FE-49DC-9EA5-D18D4BCE725E}
		{DE35CC0D-99D6-47AF-ABB9-4224BA4BA1F6} = {DE35CC0D-99D6-47AF-ABB9-4224BA4BA1F6}
		{A6F87A8F-ECAD-4E57-A918-518A2C87F675} = {A6F87A8F-ECAD-4E57-A918-518A2C87F675}
		{A7BC3368-8446-4CD6-B087-BCBE4EB53768} = {A7BC3368-8446-4CD6-B087-BCBE4EB53768}
		{62878778-5141-4401-93A7-33E76964038E} = {62878778-5141-4401-93A7-33E76964038E}
		{E4023269-AC6F-4177-8462-58014DD1FECB} = {E4023269-AC6F-4177-8462-58014DD1FECB}
		{0FEBCA4F-4F88-4487-AB17-C6E4EB2F1FF6} = {0FEBCA4F-4F88-4487-AB17-C6E4EB2F1FF6}
		{34D4495E-316A-4112-B4D6-95413F088D05} = {34D4495E-316A-4112-B4D6-95413F088D05}
		{7BE93D57-D583-4E6D-970D-650EDB5B819F} = {7BE93D57-D583-4E6D-970D-650EDB5B819F}
		{31F58F6F-A72A-4BE4-B663-99F35FB35EB0} = {31F58F6F-A72A-4BE4-B663-99F35FB35EB0}
		{DE3C5783-D39D-4466-B34C-A7D75D11CB9C} = {DE3C5783-D39D-4466-B34C-A7D75D11CB9C}
		{D2B677C2-917F-410A-8E73-CEE0CE359A58} = {D2B677C2-917F-410A-8E73-CEE0CE359A58}
		{7C5B0629-5BE4-4F1B-96C7-EFE51115462C} = {7C5B0629-5BE4-4F1B-96C7-EFE51115462C}
		{D525EBA2-E926-4E8E-A951-26879671BF8B} = {D525EBA2-E926-4E8E-A951-26879671BF8B}
		{F4E43676-5DC3-4DB0-B9B7-6B4FF3DB7D73} = {F4E43676-5DC3-4DB0-B9B7-6B4FF3DB7D73}
		{049DB7F6-6CE8-47A7-A0F8-5CEC1E15F0F7} = {049DB7F6-6CE8-47A7-A0F8-5CEC1E15F0F7}
		{E7B02BC9-D5AC-401B-A007-785D8D15DD34} = {E7B02BC9-D5AC-401B-A007-785D8D15DD34}
		{5406F19A-1D18-49B8-BB5D-7439118881CF} = {5406F19A-1D18-49B8-BB5D-7439118881CF}
		{0E20FBE9-C2D7-48C9-8BFD-E8B5E3B02983} = {0E20FBE9-C2D7-48C9-8BFD-E8B5E3B02983}
	EndProjectSection
EndProject
Project("{8BC9CEB8-8B4A-11D0-8D11-00A0C91BC942}") = "App_BasicExample", "examples\BasicDemo\App_BasicExample.vcxproj", "{2D8F80AB-622F-4F4B-9C05-169B6E0564ED}"
	ProjectSection(ProjectDependencies) = postProject
		{275B4AEA-98FE-49DC-9EA5-D18D4BCE725E} = {275B4AEA-98FE-49DC-9EA5-D18D4BCE725E}
		{DE35CC0D-99D6-47AF-ABB9-4224BA4BA1F6} = {DE35CC0D-99D6-47AF-ABB9-4224BA4BA1F6}
		{D2B677C2-917F-410A-8E73-CEE0CE359A58} = {D2B677C2-917F-410A-8E73-CEE0CE359A58}
		{E7B02BC9-D5AC-401B-A007-785D8D15DD34} = {E7B02BC9-D5AC-401B-A007-785D8D15DD34}
	EndProjectSection
EndProject
Project("{8BC9CEB8-8B4A-11D0-8D11-00A0C91BC942}") = "App_ExampleBrowser", "examples\ExampleBrowser\App_ExampleBrowser.vcxproj", "{44BF334F-BAF1-4AC1-9651-32D07B1986AD}"
	ProjectSection(ProjectDependencies) = postProject
		{4FBDC396-8917-4183-B95E-095FEA6EC9E9} = {4FBDC396-8917-4183-B95E-095FEA6EC9E9}
		{275B4AEA-98FE-49DC-9EA5-D18D4BCE725E} = {275B4AEA-98FE-49DC-9EA5-D18D4BCE725E}
		{DE35CC0D-99D6-47AF-ABB9-4224BA4BA1F6} = {DE35CC0D-99D6-47AF-ABB9-4224BA4BA1F6}
		{A7BC3368-8446-4CD6-B087-BCBE4EB53768} = {A7BC3368-8446-4CD6-B087-BCBE4EB53768}
		{62878778-5141-4401-93A7-33E76964038E} = {62878778-5141-4401-93A7-33E76964038E}
		{E4023269-AC6F-4177-8462-58014DD1FECB} = {E4023269-AC6F-4177-8462-58014DD1FECB}
		{D2B677C2-917F-410A-8E73-CEE0CE359A58} = {D2B677C2-917F-410A-8E73-CEE0CE359A58}
		{7C5B0629-5BE4-4F1B-96C7-EFE51115462C} = {7C5B0629-5BE4-4F1B-96C7-EFE51115462C}
		{E7B02BC9-D5AC-401B-A007-785D8D15DD34} = {E7B02BC9-D5AC-401B-A007-785D8D15DD34}
		{0E20FBE9-C2D7-48C9-8BFD-E8B5E3B02983} = {0E20FBE9-C2D7-48C9-8BFD-E8B5E3B02983}
	EndProjectSection
EndProject
Project("{8BC9CEB8-8B4A-11D0-8D11-00A0C91BC942}") = "App_HelloWorld", "examples\HelloWorld\App_HelloWorld.vcxproj", "{9EEF7485-DCE2-42EB-BCE3-9CCFCBDB4D41}"
	ProjectSection(ProjectDependencies) = postProject
		{275B4AEA-98FE-49DC-9EA5-D18D4BCE725E} = {275B4AEA-98FE-49DC-9EA5-D18D4BCE725E}
		{DE35CC0D-99D6-47AF-ABB9-4224BA4BA1F6} = {DE35CC0D-99D6-47AF-ABB9-4224BA4BA1F6}
		{D2B677C2-917F-410A-8E73-CEE0CE359A58} = {D2B677C2-917F-410A-8E73-CEE0CE359A58}
		{E7B02BC9-D5AC-401B-A007-785D8D15DD34} = {E7B02BC9-D5AC-401B-A007-785D8D15DD34}
	EndProjectSection
EndProject
Project("{8BC9CEB8-8B4A-11D0-8D11-00A0C91BC942}") = "Bullet2FileLoader", "src\Bullet3Serialize\Bullet2FileLoader\Bullet2FileLoader.vcxproj", "{B23610EB-682F-493F-AC42-DF3A3478BFCF}"
	ProjectSection(ProjectDependencies) = postProject
		{E7B02BC9-D5AC-401B-A007-785D8D15DD34} = {E7B02BC9-D5AC-401B-A007-785D8D15DD34}
	EndProjectSection
EndProject
Project("{8BC9CEB8-8B4A-11D0-8D11-00A0C91BC942}") = "Bullet3Collision", "src\Bullet3Collision\Bullet3Collision.vcxproj", "{E8138080-9F15-4902-9E83-4A43E0CC5401}"
	ProjectSection(ProjectDependencies) = postProject
		{E7B02BC9-D5AC-401B-A007-785D8D15DD34} = {E7B02BC9-D5AC-401B-A007-785D8D15DD34}
	EndProjectSection
EndProject
Project("{8BC9CEB8-8B4A-11D0-8D11-00A0C91BC942}") = "Bullet3Common", "src\Bullet3Common\Bullet3Common.vcxproj", "{4FBDC396-8917-4183-B95E-095FEA6EC9E9}"
	ProjectSection(ProjectDependencies) = postProject
		{E7B02BC9-D5AC-401B-A007-785D8D15DD34} = {E7B02BC9-D5AC-401B-A007-785D8D15DD34}
	EndProjectSection
EndProject
Project("{8BC9CEB8-8B4A-11D0-8D11-00A0C91BC942}") = "Bullet3Dynamics", "src\Bullet3Dynamics\Bullet3Dynamics.vcxproj", "{19D0EC08-A5AC-4F0C-9842-85D2F051B74D}"
	ProjectSection(ProjectDependencies) = postProject
		{E7B02BC9-D5AC-401B-A007-785D8D15DD34} = {E7B02BC9-D5AC-401B-A007-785D8D15DD34}
	EndProjectSection
EndProject
Project("{8BC9CEB8-8B4A-11D0-8D11-00A0C91BC942}") = "Bullet3Geometry", "src\Bullet3Geometry\Bullet3Geometry.vcxproj", "{546CDC93-9548-4865-B64F-588224724DE4}"
	ProjectSection(ProjectDependencies) = postProject
		{E7B02BC9-D5AC-401B-A007-785D8D15DD34} = {E7B02BC9-D5AC-401B-A007-785D8D15DD34}
	EndProjectSection
EndProject
Project("{8BC9CEB8-8B4A-11D0-8D11-00A0C91BC942}") = "Bullet3OpenCL_clew", "src\Bullet3OpenCL\Bullet3OpenCL_clew.vcxproj", "{DF85B169-E66A-4E51-88D0-DC4160112A67}"
	ProjectSection(ProjectDependencies) = postProject
		{E7B02BC9-D5AC-401B-A007-785D8D15DD34} = {E7B02BC9-D5AC-401B-A007-785D8D15DD34}
	EndProjectSection
EndProject
Project("{8BC9CEB8-8B4A-11D0-8D11-00A0C91BC942}") = "BulletCollision", "src\BulletCollision\BulletCollision.vcxproj", "{275B4AEA-98FE-49DC-9EA5-D18D4BCE725E}"
	ProjectSection(ProjectDependencies) = postProject
		{E7B02BC9-D5AC-401B-A007-785D8D15DD34} = {E7B02BC9-D5AC-401B-A007-785D8D15DD34}
	EndProjectSection
EndProject
Project("{8BC9CEB8-8B4A-11D0-8D11-00A0C91BC942}") = "BulletDynamics", "src\BulletDynamics\BulletDynamics.vcxproj", "{DE35CC0D-99D6-47AF-ABB9-4224BA4BA1F6}"
	ProjectSection(ProjectDependencies) = postProject
		{E7B02BC9-D5AC-401B-A007-785D8D15DD34} = {E7B02BC9-D5AC-401B-A007-785D8D15DD34}
	EndProjectSection
EndProject
Project("{8BC9CEB8-8B4A-11D0-8D11-00A0C91BC942}") = "BulletFileLoader", "Extras\Serialize\BulletFileLoader\BulletFileLoader.vcxproj", "{A6F87A8F-ECAD-4E57-A918-518A2C87F675}"
	ProjectSection(ProjectDependencies) = postProject
		{E7B02BC9-D5AC-401B-A007-785D8D15DD34} = {E7B02BC9-D5AC-401B-A007-785D8D15DD34}
	EndProjectSection
EndProject
Project("{8BC9CEB8-8B4A-11D0-8D11-00A0C91BC942}") = "BulletInverseDynamics", "src\BulletInverseDynamics\BulletInverseDynamics.vcxproj", "{A7BC3368-8446-4CD6-B087-BCBE4EB53768}"
	ProjectSection(ProjectDependencies) = postProject
		{E7B02BC9-D5AC-401B-A007-785D8D15DD34} = {E7B02BC9-D5AC-401B-A007-785D8D15DD34}
	EndProjectSection
EndProject
Project("{8BC9CEB8-8B4A-11D0-8D11-00A0C91BC942}") = "BulletInverseDynamicsUtils", "Extras\InverseDynamics\BulletInverseDynamicsUtils.vcxproj", "{62878778-5141-4401-93A7-33E76964038E}"
	ProjectSection(ProjectDependencies) = postProject
		{E7B02BC9-D5AC-401B-A007-785D8D15DD34} = {E7B02BC9-D5AC-401B-A007-785D8D15DD34}
	EndProjectSection
EndProject
Project("{8BC9CEB8-8B4A-11D0-8D11-00A0C91BC942}") = "BulletSoftBody", "src\BulletSoftBody\BulletSoftBody.vcxproj", "{E4023269-AC6F-4177-8462-58014DD1FECB}"
	ProjectSection(ProjectDependencies) = postProject
		{E7B02BC9-D5AC-401B-A007-785D8D15DD34} = {E7B02BC9-D5AC-401B-A007-785D8D15DD34}
	EndProjectSection
EndProject
Project("{8BC9CEB8-8B4A-11D0-8D11-00A0C91BC942}") = "BulletWorldImporter", "Extras\Serialize\BulletWorldImporter\BulletWorldImporter.vcxproj", "{0FEBCA4F-4F88-4487-AB17-C6E4EB2F1FF6}"
	ProjectSection(ProjectDependencies) = postProject
		{E7B02BC9-D5AC-401B-A007-785D8D15DD34} = {E7B02BC9-D5AC-401B-A007-785D8D15DD34}
	EndProjectSection
EndProject
Project("{8BC9CEB8-8B4A-11D0-8D11-00A0C91BC942}") = "BulletXmlWorldImporter", "Extras\Serialize\BulletXmlWorldImporter\BulletXmlWorldImporter.vcxproj", "{34D4495E-316A-4112-B4D6-95413F088D05}"
	ProjectSection(ProjectDependencies) = postProject
		{E7B02BC9-D5AC-401B-A007-785D8D15DD34} = {E7B02BC9-D5AC-401B-A007-785D8D15DD34}
	EndProjectSection
EndProject
Project("{8BC9CEB8-8B4A-11D0-8D11-00A0C91BC942}") = "ConvexDecomposition", "Extras\ConvexDecomposition\ConvexDecomposition.vcxproj", "{7BE93D57-D583-4E6D-970D-650EDB5B819F}"
	ProjectSection(ProjectDependencies) = postProject
		{E7B02BC9-D5AC-401B-A007-785D8D15DD34} = {E7B02BC9-D5AC-401B-A007-785D8D15DD34}
	EndProjectSection
EndProject
Project("{8BC9CEB8-8B4A-11D0-8D11-00A0C91BC942}") = "GIMPACTUtils", "Extras\GIMPACTUtils\GIMPACTUtils.vcxproj", "{31F58F6F-A72A-4BE4-B663-99F35FB35EB0}"
	ProjectSection(ProjectDependencies) = postProject
		{E7B02BC9-D5AC-401B-A007-785D8D15DD34} = {E7B02BC9-D5AC-401B-A007-785D8D15DD34}
	EndProjectSection
EndProject
Project("{8BC9CEB8-8B4A-11D0-8D11-00A0C91BC942}") = "HACD", "Extras\HACD\HACD.vcxproj", "{DE3C5783-D39D-4466-B34C-A7D75D11CB9C}"
	ProjectSection(ProjectDependencies) = postProject
		{E7B02BC9-D5AC-401B-A007-785D8D15DD34} = {E7B02BC9-D5AC-401B-A007-785D8D15DD34}
	EndProjectSection
EndProject
Project("{8BC9CEB8-8B4A-11D0-8D11-00A0C91BC942}") = "INSTALL", "INSTALL.vcxproj", "{FD006C32-9125-42F9-BB06-1AA4C50B3BD3}"
	ProjectSection(ProjectDependencies) = postProject
		{4EC937CD-E2C1-4A79-86DB-348AAC41E4E6} = {4EC937CD-E2C1-4A79-86DB-348AAC41E4E6}
	EndProjectSection
EndProject
Project("{8BC9CEB8-8B4A-11D0-8D11-00A0C91BC942}") = "LinearMath", "src\LinearMath\LinearMath.vcxproj", "{D2B677C2-917F-410A-8E73-CEE0CE359A58}"
	ProjectSection(ProjectDependencies) = postProject
		{E7B02BC9-D5AC-401B-A007-785D8D15DD34} = {E7B02BC9-D5AC-401B-A007-785D8D15DD34}
	EndProjectSection
EndProject
Project("{8BC9CEB8-8B4A-11D0-8D11-00A0C91BC942}") = "OpenGLWindow", "examples\OpenGLWindow\OpenGLWindow.vcxproj", "{7C5B0629-5BE4-4F1B-96C7-EFE51115462C}"
	ProjectSection(ProjectDependencies) = postProject
		{E7B02BC9-D5AC-401B-A007-785D8D15DD34} = {E7B02BC9-D5AC-401B-A007-785D8D15DD34}
	EndProjectSection
EndProject
Project("{8BC9CEB8-8B4A-11D0-8D11-00A0C91BC942}") = "RUN_TESTS", "RUN_TESTS.vcxproj", "{E3FCDDDD-92E5-4FC6-9353-FA449CD4F796}"
	ProjectSection(ProjectDependencies) = postProject
	EndProjectSection
EndProject
Project("{8BC9CEB8-8B4A-11D0-8D11-00A0C91BC942}") = "Test_BulletDynamics", "test\BulletDynamics\pendulum\Test_BulletDynamics.vcxproj", "{D525EBA2-E926-4E8E-A951-26879671BF8B}"
	ProjectSection(ProjectDependencies) = postProject
		{275B4AEA-98FE-49DC-9EA5-D18D4BCE725E} = {275B4AEA-98FE-49DC-9EA5-D18D4BCE725E}
		{DE35CC0D-99D6-47AF-ABB9-4224BA4BA1F6} = {DE35CC0D-99D6-47AF-ABB9-4224BA4BA1F6}
		{D2B677C2-917F-410A-8E73-CEE0CE359A58} = {D2B677C2-917F-410A-8E73-CEE0CE359A58}
		{E7B02BC9-D5AC-401B-A007-785D8D15DD34} = {E7B02BC9-D5AC-401B-A007-785D8D15DD34}
		{5406F19A-1D18-49B8-BB5D-7439118881CF} = {5406F19A-1D18-49B8-BB5D-7439118881CF}
	EndProjectSection
EndProject
Project("{8BC9CEB8-8B4A-11D0-8D11-00A0C91BC942}") = "Test_BulletInverseDynamics", "test\InverseDynamics\Test_BulletInverseDynamics.vcxproj", "{F4E43676-5DC3-4DB0-B9B7-6B4FF3DB7D73}"
	ProjectSection(ProjectDependencies) = postProject
		{4FBDC396-8917-4183-B95E-095FEA6EC9E9} = {4FBDC396-8917-4183-B95E-095FEA6EC9E9}
		{A7BC3368-8446-4CD6-B087-BCBE4EB53768} = {A7BC3368-8446-4CD6-B087-BCBE4EB53768}
		{62878778-5141-4401-93A7-33E76964038E} = {62878778-5141-4401-93A7-33E76964038E}
		{D2B677C2-917F-410A-8E73-CEE0CE359A58} = {D2B677C2-917F-410A-8E73-CEE0CE359A58}
		{E7B02BC9-D5AC-401B-A007-785D8D15DD34} = {E7B02BC9-D5AC-401B-A007-785D8D15DD34}
		{5406F19A-1D18-49B8-BB5D-7439118881CF} = {5406F19A-1D18-49B8-BB5D-7439118881CF}
	EndProjectSection
EndProject
Project("{8BC9CEB8-8B4A-11D0-8D11-00A0C91BC942}") = "Test_Collision", "test\collision\Test_Collision.vcxproj", "{049DB7F6-6CE8-47A7-A0F8-5CEC1E15F0F7}"
	ProjectSection(ProjectDependencies) = postProject
		{D2B677C2-917F-410A-8E73-CEE0CE359A58} = {D2B677C2-917F-410A-8E73-CEE0CE359A58}
		{E7B02BC9-D5AC-401B-A007-785D8D15DD34} = {E7B02BC9-D5AC-401B-A007-785D8D15DD34}
		{5406F19A-1D18-49B8-BB5D-7439118881CF} = {5406F19A-1D18-49B8-BB5D-7439118881CF}
	EndProjectSection
EndProject
Project("{8BC9CEB8-8B4A-11D0-8D11-00A0C91BC942}") = "ZERO_CHECK", "ZERO_CHECK.vcxproj", "{E7B02BC9-D5AC-401B-A007-785D8D15DD34}"
	ProjectSection(ProjectDependencies) = postProject
	EndProjectSection
EndProject
Project("{8BC9CEB8-8B4A-11D0-8D11-00A0C91BC942}") = "gtest", "test\gtest-1.7.0\gtest.vcxproj", "{5406F19A-1D18-49B8-BB5D-7439118881CF}"
	ProjectSection(ProjectDependencies) = postProject
		{E7B02BC9-D5AC-401B-A007-785D8D15DD34} = {E7B02BC9-D5AC-401B-A007-785D8D15DD34}
	EndProjectSection
EndProject
Project("{8BC9CEB8-8B4A-11D0-8D11-00A0C91BC942}") = "gwen", "examples\ThirdPartyLibs\Gwen\gwen.vcxproj", "{0E20FBE9-C2D7-48C9-8BFD-E8B5E3B02983}"
	ProjectSection(ProjectDependencies) = postProject
		{E7B02BC9-D5AC-401B-A007-785D8D15DD34} = {E7B02BC9-D5AC-401B-A007-785D8D15DD34}
	EndProjectSection
EndProject
Global
	GlobalSection(SolutionConfigurationPlatforms) = preSolution
		Debug|Win32 = Debug|Win32
		Release|Win32 = Release|Win32
		MinSizeRel|Win32 = MinSizeRel|Win32
		RelWithDebInfo|Win32 = RelWithDebInfo|Win32
	EndGlobalSection
	GlobalSection(ProjectConfigurationPlatforms) = postSolution
		{4EC937CD-E2C1-4A79-86DB-348AAC41E4E6}.Debug|Win32.ActiveCfg = Debug|Win32
		{4EC937CD-E2C1-4A79-86DB-348AAC41E4E6}.Debug|Win32.Build.0 = Debug|Win32
		{4EC937CD-E2C1-4A79-86DB-348AAC41E4E6}.Release|Win32.ActiveCfg = Release|Win32
		{4EC937CD-E2C1-4A79-86DB-348AAC41E4E6}.Release|Win32.Build.0 = Release|Win32
		{4EC937CD-E2C1-4A79-86DB-348AAC41E4E6}.MinSizeRel|Win32.ActiveCfg = MinSizeRel|Win32
		{4EC937CD-E2C1-4A79-86DB-348AAC41E4E6}.MinSizeRel|Win32.Build.0 = MinSizeRel|Win32
		{4EC937CD-E2C1-4A79-86DB-348AAC41E4E6}.RelWithDebInfo|Win32.ActiveCfg = RelWithDebInfo|Win32
		{4EC937CD-E2C1-4A79-86DB-348AAC41E4E6}.RelWithDebInfo|Win32.Build.0 = RelWithDebInfo|Win32
		{2D8F80AB-622F-4F4B-9C05-169B6E0564ED}.Debug|Win32.ActiveCfg = Debug|Win32
		{2D8F80AB-622F-4F4B-9C05-169B6E0564ED}.Debug|Win32.Build.0 = Debug|Win32
		{2D8F80AB-622F-4F4B-9C05-169B6E0564ED}.Release|Win32.ActiveCfg = Release|Win32
		{2D8F80AB-622F-4F4B-9C05-169B6E0564ED}.Release|Win32.Build.0 = Release|Win32
		{2D8F80AB-622F-4F4B-9C05-169B6E0564ED}.MinSizeRel|Win32.ActiveCfg = MinSizeRel|Win32
		{2D8F80AB-622F-4F4B-9C05-169B6E0564ED}.MinSizeRel|Win32.Build.0 = MinSizeRel|Win32
		{2D8F80AB-622F-4F4B-9C05-169B6E0564ED}.RelWithDebInfo|Win32.ActiveCfg = RelWithDebInfo|Win32
		{2D8F80AB-622F-4F4B-9C05-169B6E0564ED}.RelWithDebInfo|Win32.Build.0 = RelWithDebInfo|Win32
		{44BF334F-BAF1-4AC1-9651-32D07B1986AD}.Debug|Win32.ActiveCfg = Debug|Win32
		{44BF334F-BAF1-4AC1-9651-32D07B1986AD}.Debug|Win32.Build.0 = Debug|Win32
		{44BF334F-BAF1-4AC1-9651-32D07B1986AD}.Release|Win32.ActiveCfg = Release|Win32
		{44BF334F-BAF1-4AC1-9651-32D07B1986AD}.Release|Win32.Build.0 = Release|Win32
		{44BF334F-BAF1-4AC1-9651-32D07B1986AD}.MinSizeRel|Win32.ActiveCfg = MinSizeRel|Win32
		{44BF334F-BAF1-4AC1-9651-32D07B1986AD}.MinSizeRel|Win32.Build.0 = MinSizeRel|Win32
		{44BF334F-BAF1-4AC1-9651-32D07B1986AD}.RelWithDebInfo|Win32.ActiveCfg = RelWithDebInfo|Win32
		{44BF334F-BAF1-4AC1-9651-32D07B1986AD}.RelWithDebInfo|Win32.Build.0 = RelWithDebInfo|Win32
		{9EEF7485-DCE2-42EB-BCE3-9CCFCBDB4D41}.Debug|Win32.ActiveCfg = Debug|Win32
		{9EEF7485-DCE2-42EB-BCE3-9CCFCBDB4D41}.Debug|Win32.Build.0 = Debug|Win32
		{9EEF7485-DCE2-42EB-BCE3-9CCFCBDB4D41}.Release|Win32.ActiveCfg = Release|Win32
		{9EEF7485-DCE2-42EB-BCE3-9CCFCBDB4D41}.Release|Win32.Build.0 = Release|Win32
		{9EEF7485-DCE2-42EB-BCE3-9CCFCBDB4D41}.MinSizeRel|Win32.ActiveCfg = MinSizeRel|Win32
		{9EEF7485-DCE2-42EB-BCE3-9CCFCBDB4D41}.MinSizeRel|Win32.Build.0 = MinSizeRel|Win32
		{9EEF7485-DCE2-42EB-BCE3-9CCFCBDB4D41}.RelWithDebInfo|Win32.ActiveCfg = RelWithDebInfo|Win32
		{9EEF7485-DCE2-42EB-BCE3-9CCFCBDB4D41}.RelWithDebInfo|Win32.Build.0 = RelWithDebInfo|Win32
		{B23610EB-682F-493F-AC42-DF3A3478BFCF}.Debug|Win32.ActiveCfg = Debug|Win32
		{B23610EB-682F-493F-AC42-DF3A3478BFCF}.Debug|Win32.Build.0 = Debug|Win32
		{B23610EB-682F-493F-AC42-DF3A3478BFCF}.Release|Win32.ActiveCfg = Release|Win32
		{B23610EB-682F-493F-AC42-DF3A3478BFCF}.Release|Win32.Build.0 = Release|Win32
		{B23610EB-682F-493F-AC42-DF3A3478BFCF}.MinSizeRel|Win32.ActiveCfg = MinSizeRel|Win32
		{B23610EB-682F-493F-AC42-DF3A3478BFCF}.MinSizeRel|Win32.Build.0 = MinSizeRel|Win32
		{B23610EB-682F-493F-AC42-DF3A3478BFCF}.RelWithDebInfo|Win32.ActiveCfg = RelWithDebInfo|Win32
		{B23610EB-682F-493F-AC42-DF3A3478BFCF}.RelWithDebInfo|Win32.Build.0 = RelWithDebInfo|Win32
		{E8138080-9F15-4902-9E83-4A43E0CC5401}.Debug|Win32.ActiveCfg = Debug|Win32
		{E8138080-9F15-4902-9E83-4A43E0CC5401}.Debug|Win32.Build.0 = Debug|Win32
		{E8138080-9F15-4902-9E83-4A43E0CC5401}.Release|Win32.ActiveCfg = Release|Win32
		{E8138080-9F15-4902-9E83-4A43E0CC5401}.Release|Win32.Build.0 = Release|Win32
		{E8138080-9F15-4902-9E83-4A43E0CC5401}.MinSizeRel|Win32.ActiveCfg = MinSizeRel|Win32
		{E8138080-9F15-4902-9E83-4A43E0CC5401}.MinSizeRel|Win32.Build.0 = MinSizeRel|Win32
		{E8138080-9F15-4902-9E83-4A43E0CC5401}.RelWithDebInfo|Win32.ActiveCfg = RelWithDebInfo|Win32
		{E8138080-9F15-4902-9E83-4A43E0CC5401}.RelWithDebInfo|Win32.Build.0 = RelWithDebInfo|Win32
		{4FBDC396-8917-4183-B95E-095FEA6EC9E9}.Debug|Win32.ActiveCfg = Debug|Win32
		{4FBDC396-8917-4183-B95E-095FEA6EC9E9}.Debug|Win32.Build.0 = Debug|Win32
		{4FBDC396-8917-4183-B95E-095FEA6EC9E9}.Release|Win32.ActiveCfg = Release|Win32
		{4FBDC396-8917-4183-B95E-095FEA6EC9E9}.Release|Win32.Build.0 = Release|Win32
		{4FBDC396-8917-4183-B95E-095FEA6EC9E9}.MinSizeRel|Win32.ActiveCfg = MinSizeRel|Win32
		{4FBDC396-8917-4183-B95E-095FEA6EC9E9}.MinSizeRel|Win32.Build.0 = MinSizeRel|Win32
		{4FBDC396-8917-4183-B95E-095FEA6EC9E9}.RelWithDebInfo|Win32.ActiveCfg = RelWithDebInfo|Win32
		{4FBDC396-8917-4183-B95E-095FEA6EC9E9}.RelWithDebInfo|Win32.Build.0 = RelWithDebInfo|Win32
		{19D0EC08-A5AC-4F0C-9842-85D2F051B74D}.Debug|Win32.ActiveCfg = Debug|Win32
		{19D0EC08-A5AC-4F0C-9842-85D2F051B74D}.Debug|Win32.Build.0 = Debug|Win32
		{19D0EC08-A5AC-4F0C-9842-85D2F051B74D}.Release|Win32.ActiveCfg = Release|Win32
		{19D0EC08-A5AC-4F0C-9842-85D2F051B74D}.Release|Win32.Build.0 = Release|Win32
		{19D0EC08-A5AC-4F0C-9842-85D2F051B74D}.MinSizeRel|Win32.ActiveCfg = MinSizeRel|Win32
		{19D0EC08-A5AC-4F0C-9842-85D2F051B74D}.MinSizeRel|Win32.Build.0 = MinSizeRel|Win32
		{19D0EC08-A5AC-4F0C-9842-85D2F051B74D}.RelWithDebInfo|Win32.ActiveCfg = RelWithDebInfo|Win32
		{19D0EC08-A5AC-4F0C-9842-85D2F051B74D}.RelWithDebInfo|Win32.Build.0 = RelWithDebInfo|Win32
		{546CDC93-9548-4865-B64F-588224724DE4}.Debug|Win32.ActiveCfg = Debug|Win32
		{546CDC93-9548-4865-B64F-588224724DE4}.Debug|Win32.Build.0 = Debug|Win32
		{546CDC93-9548-4865-B64F-588224724DE4}.Release|Win32.ActiveCfg = Release|Win32
		{546CDC93-9548-4865-B64F-588224724DE4}.Release|Win32.Build.0 = Release|Win32
		{546CDC93-9548-4865-B64F-588224724DE4}.MinSizeRel|Win32.ActiveCfg = MinSizeRel|Win32
		{546CDC93-9548-4865-B64F-588224724DE4}.MinSizeRel|Win32.Build.0 = MinSizeRel|Win32
		{546CDC93-9548-4865-B64F-588224724DE4}.RelWithDebInfo|Win32.ActiveCfg = RelWithDebInfo|Win32
		{546CDC93-9548-4865-B64F-588224724DE4}.RelWithDebInfo|Win32.Build.0 = RelWithDebInfo|Win32
		{DF85B169-E66A-4E51-88D0-DC4160112A67}.Debug|Win32.ActiveCfg = Debug|Win32
		{DF85B169-E66A-4E51-88D0-DC4160112A67}.Debug|Win32.Build.0 = Debug|Win32
		{DF85B169-E66A-4E51-88D0-DC4160112A67}.Release|Win32.ActiveCfg = Release|Win32
		{DF85B169-E66A-4E51-88D0-DC4160112A67}.Release|Win32.Build.0 = Release|Win32
		{DF85B169-E66A-4E51-88D0-DC4160112A67}.MinSizeRel|Win32.ActiveCfg = MinSizeRel|Win32
		{DF85B169-E66A-4E51-88D0-DC4160112A67}.MinSizeRel|Win32.Build.0 = MinSizeRel|Win32
		{DF85B169-E66A-4E51-88D0-DC4160112A67}.RelWithDebInfo|Win32.ActiveCfg = RelWithDebInfo|Win32
		{DF85B169-E66A-4E51-88D0-DC4160112A67}.RelWithDebInfo|Win32.Build.0 = RelWithDebInfo|Win32
		{275B4AEA-98FE-49DC-9EA5-D18D4BCE725E}.Debug|Win32.ActiveCfg = Debug|Win32
		{275B4AEA-98FE-49DC-9EA5-D18D4BCE725E}.Debug|Win32.Build.0 = Debug|Win32
		{275B4AEA-98FE-49DC-9EA5-D18D4BCE725E}.Release|Win32.ActiveCfg = Release|Win32
		{275B4AEA-98FE-49DC-9EA5-D18D4BCE725E}.Release|Win32.Build.0 = Release|Win32
		{275B4AEA-98FE-49DC-9EA5-D18D4BCE725E}.MinSizeRel|Win32.ActiveCfg = MinSizeRel|Win32
		{275B4AEA-98FE-49DC-9EA5-D18D4BCE725E}.MinSizeRel|Win32.Build.0 = MinSizeRel|Win32
		{275B4AEA-98FE-49DC-9EA5-D18D4BCE725E}.RelWithDebInfo|Win32.ActiveCfg = RelWithDebInfo|Win32
		{275B4AEA-98FE-49DC-9EA5-D18D4BCE725E}.RelWithDebInfo|Win32.Build.0 = RelWithDebInfo|Win32
		{DE35CC0D-99D6-47AF-ABB9-4224BA4BA1F6}.Debug|Win32.ActiveCfg = Debug|Win32
		{DE35CC0D-99D6-47AF-ABB9-4224BA4BA1F6}.Debug|Win32.Build.0 = Debug|Win32
		{DE35CC0D-99D6-47AF-ABB9-4224BA4BA1F6}.Release|Win32.ActiveCfg = Release|Win32
		{DE35CC0D-99D6-47AF-ABB9-4224BA4BA1F6}.Release|Win32.Build.0 = Release|Win32
		{DE35CC0D-99D6-47AF-ABB9-4224BA4BA1F6}.MinSizeRel|Win32.ActiveCfg = MinSizeRel|Win32
		{DE35CC0D-99D6-47AF-ABB9-4224BA4BA1F6}.MinSizeRel|Win32.Build.0 = MinSizeRel|Win32
		{DE35CC0D-99D6-47AF-ABB9-4224BA4BA1F6}.RelWithDebInfo|Win32.ActiveCfg = RelWithDebInfo|Win32
		{DE35CC0D-99D6-47AF-ABB9-4224BA4BA1F6}.RelWithDebInfo|Win32.Build.0 = RelWithDebInfo|Win32
		{A6F87A8F-ECAD-4E57-A918-518A2C87F675}.Debug|Win32.ActiveCfg = Debug|Win32
		{A6F87A8F-ECAD-4E57-A918-518A2C87F675}.Debug|Win32.Build.0 = Debug|Win32
		{A6F87A8F-ECAD-4E57-A918-518A2C87F675}.Release|Win32.ActiveCfg = Release|Win32
		{A6F87A8F-ECAD-4E57-A918-518A2C87F675}.Release|Win32.Build.0 = Release|Win32
		{A6F87A8F-ECAD-4E57-A918-518A2C87F675}.MinSizeRel|Win32.ActiveCfg = MinSizeRel|Win32
		{A6F87A8F-ECAD-4E57-A918-518A2C87F675}.MinSizeRel|Win32.Build.0 = MinSizeRel|Win32
		{A6F87A8F-ECAD-4E57-A918-518A2C87F675}.RelWithDebInfo|Win32.ActiveCfg = RelWithDebInfo|Win32
		{A6F87A8F-ECAD-4E57-A918-518A2C87F675}.RelWithDebInfo|Win32.Build.0 = RelWithDebInfo|Win32
		{A7BC3368-8446-4CD6-B087-BCBE4EB53768}.Debug|Win32.ActiveCfg = Debug|Win32
		{A7BC3368-8446-4CD6-B087-BCBE4EB53768}.Debug|Win32.Build.0 = Debug|Win32
		{A7BC3368-8446-4CD6-B087-BCBE4EB53768}.Release|Win32.ActiveCfg = Release|Win32
		{A7BC3368-8446-4CD6-B087-BCBE4EB53768}.Release|Win32.Build.0 = Release|Win32
		{A7BC3368-8446-4CD6-B087-BCBE4EB53768}.MinSizeRel|Win32.ActiveCfg = MinSizeRel|Win32
		{A7BC3368-8446-4CD6-B087-BCBE4EB53768}.MinSizeRel|Win32.Build.0 = MinSizeRel|Win32
		{A7BC3368-8446-4CD6-B087-BCBE4EB53768}.RelWithDebInfo|Win32.ActiveCfg = RelWithDebInfo|Win32
		{A7BC3368-8446-4CD6-B087-BCBE4EB53768}.RelWithDebInfo|Win32.Build.0 = RelWithDebInfo|Win32
		{62878778-5141-4401-93A7-33E76964038E}.Debug|Win32.ActiveCfg = Debug|Win32
		{62878778-5141-4401-93A7-33E76964038E}.Debug|Win32.Build.0 = Debug|Win32
		{62878778-5141-4401-93A7-33E76964038E}.Release|Win32.ActiveCfg = Release|Win32
		{62878778-5141-4401-93A7-33E76964038E}.Release|Win32.Build.0 = Release|Win32
		{62878778-5141-4401-93A7-33E76964038E}.MinSizeRel|Win32.ActiveCfg = MinSizeRel|Win32
		{62878778-5141-4401-93A7-33E76964038E}.MinSizeRel|Win32.Build.0 = MinSizeRel|Win32
		{62878778-5141-4401-93A7-33E76964038E}.RelWithDebInfo|Win32.ActiveCfg = RelWithDebInfo|Win32
		{62878778-5141-4401-93A7-33E76964038E}.RelWithDebInfo|Win32.Build.0 = RelWithDebInfo|Win32
		{E4023269-AC6F-4177-8462-58014DD1FECB}.Debug|Win32.ActiveCfg = Debug|Win32
		{E4023269-AC6F-4177-8462-58014DD1FECB}.Debug|Win32.Build.0 = Debug|Win32
		{E4023269-AC6F-4177-8462-58014DD1FECB}.Release|Win32.ActiveCfg = Release|Win32
		{E4023269-AC6F-4177-8462-58014DD1FECB}.Release|Win32.Build.0 = Release|Win32
		{E4023269-AC6F-4177-8462-58014DD1FECB}.MinSizeRel|Win32.ActiveCfg = MinSizeRel|Win32
		{E4023269-AC6F-4177-8462-58014DD1FECB}.MinSizeRel|Win32.Build.0 = MinSizeRel|Win32
		{E4023269-AC6F-4177-8462-58014DD1FECB}.RelWithDebInfo|Win32.ActiveCfg = RelWithDebInfo|Win32
		{E4023269-AC6F-4177-8462-58014DD1FECB}.RelWithDebInfo|Win32.Build.0 = RelWithDebInfo|Win32
		{0FEBCA4F-4F88-4487-AB17-C6E4EB2F1FF6}.Debug|Win32.ActiveCfg = Debug|Win32
		{0FEBCA4F-4F88-4487-AB17-C6E4EB2F1FF6}.Debug|Win32.Build.0 = Debug|Win32
		{0FEBCA4F-4F88-4487-AB17-C6E4EB2F1FF6}.Release|Win32.ActiveCfg = Release|Win32
		{0FEBCA4F-4F88-4487-AB17-C6E4EB2F1FF6}.Release|Win32.Build.0 = Release|Win32
		{0FEBCA4F-4F88-4487-AB17-C6E4EB2F1FF6}.MinSizeRel|Win32.ActiveCfg = MinSizeRel|Win32
		{0FEBCA4F-4F88-4487-AB17-C6E4EB2F1FF6}.MinSizeRel|Win32.Build.0 = MinSizeRel|Win32
		{0FEBCA4F-4F88-4487-AB17-C6E4EB2F1FF6}.RelWithDebInfo|Win32.ActiveCfg = RelWithDebInfo|Win32
		{0FEBCA4F-4F88-4487-AB17-C6E4EB2F1FF6}.RelWithDebInfo|Win32.Build.0 = RelWithDebInfo|Win32
		{34D4495E-316A-4112-B4D6-95413F088D05}.Debug|Win32.ActiveCfg = Debug|Win32
		{34D4495E-316A-4112-B4D6-95413F088D05}.Debug|Win32.Build.0 = Debug|Win32
		{34D4495E-316A-4112-B4D6-95413F088D05}.Release|Win32.ActiveCfg = Release|Win32
		{34D4495E-316A-4112-B4D6-95413F088D05}.Release|Win32.Build.0 = Release|Win32
		{34D4495E-316A-4112-B4D6-95413F088D05}.MinSizeRel|Win32.ActiveCfg = MinSizeRel|Win32
		{34D4495E-316A-4112-B4D6-95413F088D05}.MinSizeRel|Win32.Build.0 = MinSizeRel|Win32
		{34D4495E-316A-4112-B4D6-95413F088D05}.RelWithDebInfo|Win32.ActiveCfg = RelWithDebInfo|Win32
		{34D4495E-316A-4112-B4D6-95413F088D05}.RelWithDebInfo|Win32.Build.0 = RelWithDebInfo|Win32
		{7BE93D57-D583-4E6D-970D-650EDB5B819F}.Debug|Win32.ActiveCfg = Debug|Win32
		{7BE93D57-D583-4E6D-970D-650EDB5B819F}.Debug|Win32.Build.0 = Debug|Win32
		{7BE93D57-D583-4E6D-970D-650EDB5B819F}.Release|Win32.ActiveCfg = Release|Win32
		{7BE93D57-D583-4E6D-970D-650EDB5B819F}.Release|Win32.Build.0 = Release|Win32
		{7BE93D57-D583-4E6D-970D-650EDB5B819F}.MinSizeRel|Win32.ActiveCfg = MinSizeRel|Win32
		{7BE93D57-D583-4E6D-970D-650EDB5B819F}.MinSizeRel|Win32.Build.0 = MinSizeRel|Win32
		{7BE93D57-D583-4E6D-970D-650EDB5B819F}.RelWithDebInfo|Win32.ActiveCfg = RelWithDebInfo|Win32
		{7BE93D57-D583-4E6D-970D-650EDB5B819F}.RelWithDebInfo|Win32.Build.0 = RelWithDebInfo|Win32
		{31F58F6F-A72A-4BE4-B663-99F35FB35EB0}.Debug|Win32.ActiveCfg = Debug|Win32
		{31F58F6F-A72A-4BE4-B663-99F35FB35EB0}.Debug|Win32.Build.0 = Debug|Win32
		{31F58F6F-A72A-4BE4-B663-99F35FB35EB0}.Release|Win32.ActiveCfg = Release|Win32
		{31F58F6F-A72A-4BE4-B663-99F35FB35EB0}.Release|Win32.Build.0 = Release|Win32
		{31F58F6F-A72A-4BE4-B663-99F35FB35EB0}.MinSizeRel|Win32.ActiveCfg = MinSizeRel|Win32
		{31F58F6F-A72A-4BE4-B663-99F35FB35EB0}.MinSizeRel|Win32.Build.0 = MinSizeRel|Win32
		{31F58F6F-A72A-4BE4-B663-99F35FB35EB0}.RelWithDebInfo|Win32.ActiveCfg = RelWithDebInfo|Win32
		{31F58F6F-A72A-4BE4-B663-99F35FB35EB0}.RelWithDebInfo|Win32.Build.0 = RelWithDebInfo|Win32
		{DE3C5783-D39D-4466-B34C-A7D75D11CB9C}.Debug|Win32.ActiveCfg = Debug|Win32
		{DE3C5783-D39D-4466-B34C-A7D75D11CB9C}.Debug|Win32.Build.0 = Debug|Win32
		{DE3C5783-D39D-4466-B34C-A7D75D11CB9C}.Release|Win32.ActiveCfg = Release|Win32
		{DE3C5783-D39D-4466-B34C-A7D75D11CB9C}.Release|Win32.Build.0 = Release|Win32
		{DE3C5783-D39D-4466-B34C-A7D75D11CB9C}.MinSizeRel|Win32.ActiveCfg = MinSizeRel|Win32
		{DE3C5783-D39D-4466-B34C-A7D75D11CB9C}.MinSizeRel|Win32.Build.0 = MinSizeRel|Win32
		{DE3C5783-D39D-4466-B34C-A7D75D11CB9C}.RelWithDebInfo|Win32.ActiveCfg = RelWithDebInfo|Win32
		{DE3C5783-D39D-4466-B34C-A7D75D11CB9C}.RelWithDebInfo|Win32.Build.0 = RelWithDebInfo|Win32
		{FD006C32-9125-42F9-BB06-1AA4C50B3BD3}.Debug|Win32.ActiveCfg = Debug|Win32
		{FD006C32-9125-42F9-BB06-1AA4C50B3BD3}.Release|Win32.ActiveCfg = Release|Win32
		{FD006C32-9125-42F9-BB06-1AA4C50B3BD3}.MinSizeRel|Win32.ActiveCfg = MinSizeRel|Win32
		{FD006C32-9125-42F9-BB06-1AA4C50B3BD3}.RelWithDebInfo|Win32.ActiveCfg = RelWithDebInfo|Win32
		{D2B677C2-917F-410A-8E73-CEE0CE359A58}.Debug|Win32.ActiveCfg = Debug|Win32
		{D2B677C2-917F-410A-8E73-CEE0CE359A58}.Debug|Win32.Build.0 = Debug|Win32
		{D2B677C2-917F-410A-8E73-CEE0CE359A58}.Release|Win32.ActiveCfg = Release|Win32
		{D2B677C2-917F-410A-8E73-CEE0CE359A58}.Release|Win32.Build.0 = Release|Win32
		{D2B677C2-917F-410A-8E73-CEE0CE359A58}.MinSizeRel|Win32.ActiveCfg = MinSizeRel|Win32
		{D2B677C2-917F-410A-8E73-CEE0CE359A58}.MinSizeRel|Win32.Build.0 = MinSizeRel|Win32
		{D2B677C2-917F-410A-8E73-CEE0CE359A58}.RelWithDebInfo|Win32.ActiveCfg = RelWithDebInfo|Win32
		{D2B677C2-917F-410A-8E73-CEE0CE359A58}.RelWithDebInfo|Win32.Build.0 = RelWithDebInfo|Win32
		{7C5B0629-5BE4-4F1B-96C7-EFE51115462C}.Debug|Win32.ActiveCfg = Debug|Win32
		{7C5B0629-5BE4-4F1B-96C7-EFE51115462C}.Debug|Win32.Build.0 = Debug|Win32
		{7C5B0629-5BE4-4F1B-96C7-EFE51115462C}.Release|Win32.ActiveCfg = Release|Win32
		{7C5B0629-5BE4-4F1B-96C7-EFE51115462C}.Release|Win32.Build.0 = Release|Win32
		{7C5B0629-5BE4-4F1B-96C7-EFE51115462C}.MinSizeRel|Win32.ActiveCfg = MinSizeRel|Win32
		{7C5B0629-5BE4-4F1B-96C7-EFE51115462C}.MinSizeRel|Win32.Build.0 = MinSizeRel|Win32
		{7C5B0629-5BE4-4F1B-96C7-EFE51115462C}.RelWithDebInfo|Win32.ActiveCfg = RelWithDebInfo|Win32
		{7C5B0629-5BE4-4F1B-96C7-EFE51115462C}.RelWithDebInfo|Win32.Build.0 = RelWithDebInfo|Win32
		{E3FCDDDD-92E5-4FC6-9353-FA449CD4F796}.Debug|Win32.ActiveCfg = Debug|Win32
		{E3FCDDDD-92E5-4FC6-9353-FA449CD4F796}.Release|Win32.ActiveCfg = Release|Win32
		{E3FCDDDD-92E5-4FC6-9353-FA449CD4F796}.MinSizeRel|Win32.ActiveCfg = MinSizeRel|Win32
		{E3FCDDDD-92E5-4FC6-9353-FA449CD4F796}.RelWithDebInfo|Win32.ActiveCfg = RelWithDebInfo|Win32
		{D525EBA2-E926-4E8E-A951-26879671BF8B}.Debug|Win32.ActiveCfg = Debug|Win32
		{D525EBA2-E926-4E8E-A951-26879671BF8B}.Debug|Win32.Build.0 = Debug|Win32
		{D525EBA2-E926-4E8E-A951-26879671BF8B}.Release|Win32.ActiveCfg = Release|Win32
		{D525EBA2-E926-4E8E-A951-26879671BF8B}.Release|Win32.Build.0 = Release|Win32
		{D525EBA2-E926-4E8E-A951-26879671BF8B}.MinSizeRel|Win32.ActiveCfg = MinSizeRel|Win32
		{D525EBA2-E926-4E8E-A951-26879671BF8B}.MinSizeRel|Win32.Build.0 = MinSizeRel|Win32
		{D525EBA2-E926-4E8E-A951-26879671BF8B}.RelWithDebInfo|Win32.ActiveCfg = RelWithDebInfo|Win32
		{D525EBA2-E926-4E8E-A951-26879671BF8B}.RelWithDebInfo|Win32.Build.0 = RelWithDebInfo|Win32
		{F4E43676-5DC3-4DB0-B9B7-6B4FF3DB7D73}.Debug|Win32.ActiveCfg = Debug|Win32
		{F4E43676-5DC3-4DB0-B9B7-6B4FF3DB7D73}.Debug|Win32.Build.0 = Debug|Win32
		{F4E43676-5DC3-4DB0-B9B7-6B4FF3DB7D73}.Release|Win32.ActiveCfg = Release|Win32
		{F4E43676-5DC3-4DB0-B9B7-6B4FF3DB7D73}.Release|Win32.Build.0 = Release|Win32
		{F4E43676-5DC3-4DB0-B9B7-6B4FF3DB7D73}.MinSizeRel|Win32.ActiveCfg = MinSizeRel|Win32
		{F4E43676-5DC3-4DB0-B9B7-6B4FF3DB7D73}.MinSizeRel|Win32.Build.0 = MinSizeRel|Win32
		{F4E43676-5DC3-4DB0-B9B7-6B4FF3DB7D73}.RelWithDebInfo|Win32.ActiveCfg = RelWithDebInfo|Win32
		{F4E43676-5DC3-4DB0-B9B7-6B4FF3DB7D73}.RelWithDebInfo|Win32.Build.0 = RelWithDebInfo|Win32
		{049DB7F6-6CE8-47A7-A0F8-5CEC1E15F0F7}.Debug|Win32.ActiveCfg = Debug|Win32
		{049DB7F6-6CE8-47A7-A0F8-5CEC1E15F0F7}.Debug|Win32.Build.0 = Debug|Win32
		{049DB7F6-6CE8-47A7-A0F8-5CEC1E15F0F7}.Release|Win32.ActiveCfg = Release|Win32
		{049DB7F6-6CE8-47A7-A0F8-5CEC1E15F0F7}.Release|Win32.Build.0 = Release|Win32
		{049DB7F6-6CE8-47A7-A0F8-5CEC1E15F0F7}.MinSizeRel|Win32.ActiveCfg = MinSizeRel|Win32
		{049DB7F6-6CE8-47A7-A0F8-5CEC1E15F0F7}.MinSizeRel|Win32.Build.0 = MinSizeRel|Win32
		{049DB7F6-6CE8-47A7-A0F8-5CEC1E15F0F7}.RelWithDebInfo|Win32.ActiveCfg = RelWithDebInfo|Win32
		{049DB7F6-6CE8-47A7-A0F8-5CEC1E15F0F7}.RelWithDebInfo|Win32.Build.0 = RelWithDebInfo|Win32
		{E7B02BC9-D5AC-401B-A007-785D8D15DD34}.Debug|Win32.ActiveCfg = Debug|Win32
		{E7B02BC9-D5AC-401B-A007-785D8D15DD34}.Debug|Win32.Build.0 = Debug|Win32
		{E7B02BC9-D5AC-401B-A007-785D8D15DD34}.Release|Win32.ActiveCfg = Release|Win32
		{E7B02BC9-D5AC-401B-A007-785D8D15DD34}.Release|Win32.Build.0 = Release|Win32
		{E7B02BC9-D5AC-401B-A007-785D8D15DD34}.MinSizeRel|Win32.ActiveCfg = MinSizeRel|Win32
		{E7B02BC9-D5AC-401B-A007-785D8D15DD34}.MinSizeRel|Win32.Build.0 = MinSizeRel|Win32
		{E7B02BC9-D5AC-401B-A007-785D8D15DD34}.RelWithDebInfo|Win32.ActiveCfg = RelWithDebInfo|Win32
		{E7B02BC9-D5AC-401B-A007-785D8D15DD34}.RelWithDebInfo|Win32.Build.0 = RelWithDebInfo|Win32
		{5406F19A-1D18-49B8-BB5D-7439118881CF}.Debug|Win32.ActiveCfg = Debug|Win32
		{5406F19A-1D18-49B8-BB5D-7439118881CF}.Debug|Win32.Build.0 = Debug|Win32
		{5406F19A-1D18-49B8-BB5D-7439118881CF}.Release|Win32.ActiveCfg = Release|Win32
		{5406F19A-1D18-49B8-BB5D-7439118881CF}.Release|Win32.Build.0 = Release|Win32
		{5406F19A-1D18-49B8-BB5D-7439118881CF}.MinSizeRel|Win32.ActiveCfg = MinSizeRel|Win32
		{5406F19A-1D18-49B8-BB5D-7439118881CF}.MinSizeRel|Win32.Build.0 = MinSizeRel|Win32
		{5406F19A-1D18-49B8-BB5D-7439118881CF}.RelWithDebInfo|Win32.ActiveCfg = RelWithDebInfo|Win32
		{5406F19A-1D18-49B8-BB5D-7439118881CF}.RelWithDebInfo|Win32.Build.0 = RelWithDebInfo|Win32
		{0E20FBE9-C2D7-48C9-8BFD-E8B5E3B02983}.Debug|Win32.ActiveCfg = Debug|Win32
		{0E20FBE9-C2D7-48C9-8BFD-E8B5E3B02983}.Debug|Win32.Build.0 = Debug|Win32
		{0E20FBE9-C2D7-48C9-8BFD-E8B5E3B02983}.Release|Win32.ActiveCfg = Release|Win32
		{0E20FBE9-C2D7-48C9-8BFD-E8B5E3B02983}.Release|Win32.Build.0 = Release|Win32
		{0E20FBE9-C2D7-48C9-8BFD-E8B5E3B02983}.MinSizeRel|Win32.ActiveCfg = MinSizeRel|Win32
		{0E20FBE9-C2D7-48C9-8BFD-E8B5E3B02983}.MinSizeRel|Win32.Build.0 = MinSizeRel|Win32
		{0E20FBE9-C2D7-48C9-8BFD-E8B5E3B02983}.RelWithDebInfo|Win32.ActiveCfg = RelWithDebInfo|Win32
		{0E20FBE9-C2D7-48C9-8BFD-E8B5E3B02983}.RelWithDebInfo|Win32.Build.0 = RelWithDebInfo|Win32
	EndGlobalSection
	GlobalSection(ExtensibilityGlobals) = postSolution
	EndGlobalSection
	GlobalSection(ExtensibilityAddIns) = postSolution
	EndGlobalSection
EndGlobal
